// !$*UTF8*$!
{
	archiveVersion = 1;
	classes = {
	};
	objectVersion = 46;
	objects = {

/* Begin PBXBuildFile section */
		C7339F411C465C4700BFEB95 /* WebSocket.swift in Sources */ = {isa = PBXBuildFile; fileRef = C7339F401C465C4700BFEB95 /* WebSocket.swift */; };
		C76889731C451A8000A7D40C /* AppDelegate.m in Sources */ = {isa = PBXBuildFile; fileRef = C76889551C451A8000A7D40C /* AppDelegate.m */; };
		C76889751C451A8000A7D40C /* EchoViewController.m in Sources */ = {isa = PBXBuildFile; fileRef = C768895A1C451A8000A7D40C /* EchoViewController.m */; };
		C76889761C451A8000A7D40C /* main.m in Sources */ = {isa = PBXBuildFile; fileRef = C768895B1C451A8000A7D40C /* main.m */; };
		C76889771C451A8000A7D40C /* Assets.xcassets in Resources */ = {isa = PBXBuildFile; fileRef = C768895D1C451A8000A7D40C /* Assets.xcassets */; };
		C76889781C451A8000A7D40C /* LaunchScreen.storyboard in Resources */ = {isa = PBXBuildFile; fileRef = C768895E1C451A8000A7D40C /* LaunchScreen.storyboard */; };
		C76889791C451A8000A7D40C /* Main.storyboard in Resources */ = {isa = PBXBuildFile; fileRef = C76889601C451A8000A7D40C /* Main.storyboard */; };
		C768897B1C451A8000A7D40C /* MTStatistics.m in Sources */ = {isa = PBXBuildFile; fileRef = C76889651C451A8000A7D40C /* MTStatistics.m */; };
		C768897D1C451A8000A7D40C /* MTTransportManager.m in Sources */ = {isa = PBXBuildFile; fileRef = C768896B1C451A8000A7D40C /* MTTransportManager.m */; };
		C768898E1C454FF600A7D40C /* MTTransportWebSocket.m in Sources */ = {isa = PBXBuildFile; fileRef = C768898D1C454FF600A7D40C /* MTTransportWebSocket.m */; };
/* End PBXBuildFile section */

/* Begin PBXFileReference section */
		C7339F401C465C4700BFEB95 /* WebSocket.swift */ = {isa = PBXFileReference; fileEncoding = 4; lastKnownFileType = sourcecode.swift; path = WebSocket.swift; sourceTree = "<group>"; };
		C76888C31C419DC100A7D40C /* WebSocket Echo Client.app */ = {isa = PBXFileReference; explicitFileType = wrapper.application; includeInIndex = 0; path = "WebSocket Echo Client.app"; sourceTree = BUILT_PRODUCTS_DIR; };
		C76889541C451A8000A7D40C /* AppDelegate.h */ = {isa = PBXFileReference; fileEncoding = 4; lastKnownFileType = sourcecode.c.h; path = AppDelegate.h; sourceTree = "<group>"; };
		C76889551C451A8000A7D40C /* AppDelegate.m */ = {isa = PBXFileReference; fileEncoding = 4; lastKnownFileType = sourcecode.c.objc; path = AppDelegate.m; sourceTree = "<group>"; };
		C76889591C451A8000A7D40C /* EchoViewController.h */ = {isa = PBXFileReference; fileEncoding = 4; lastKnownFileType = sourcecode.c.h; path = EchoViewController.h; sourceTree = "<group>"; };
		C768895A1C451A8000A7D40C /* EchoViewController.m */ = {isa = PBXFileReference; fileEncoding = 4; lastKnownFileType = sourcecode.c.objc; path = EchoViewController.m; sourceTree = "<group>"; };
		C768895B1C451A8000A7D40C /* main.m */ = {isa = PBXFileReference; fileEncoding = 4; lastKnownFileType = sourcecode.c.objc; path = main.m; sourceTree = "<group>"; };
		C768895D1C451A8000A7D40C /* Assets.xcassets */ = {isa = PBXFileReference; lastKnownFileType = folder.assetcatalog; path = Assets.xcassets; sourceTree = "<group>"; };
		C768895F1C451A8000A7D40C /* Base */ = {isa = PBXFileReference; lastKnownFileType = file.storyboard; name = Base; path = Base.lproj/LaunchScreen.storyboard; sourceTree = "<group>"; };
		C76889611C451A8000A7D40C /* Base */ = {isa = PBXFileReference; lastKnownFileType = file.storyboard; name = Base; path = Base.lproj/Main.storyboard; sourceTree = "<group>"; };
		C76889621C451A8000A7D40C /* Info.plist */ = {isa = PBXFileReference; fileEncoding = 4; lastKnownFileType = text.plist.xml; path = Info.plist; sourceTree = "<group>"; };
		C76889641C451A8000A7D40C /* MTStatistics.h */ = {isa = PBXFileReference; fileEncoding = 4; lastKnownFileType = sourcecode.c.h; path = MTStatistics.h; sourceTree = "<group>"; };
		C76889651C451A8000A7D40C /* MTStatistics.m */ = {isa = PBXFileReference; fileEncoding = 4; lastKnownFileType = sourcecode.c.objc; path = MTStatistics.m; sourceTree = "<group>"; };
		C768896A1C451A8000A7D40C /* MTTransportManager.h */ = {isa = PBXFileReference; fileEncoding = 4; lastKnownFileType = sourcecode.c.h; path = MTTransportManager.h; sourceTree = "<group>"; };
		C768896B1C451A8000A7D40C /* MTTransportManager.m */ = {isa = PBXFileReference; fileEncoding = 4; lastKnownFileType = sourcecode.c.objc; path = MTTransportManager.m; sourceTree = "<group>"; };
		C768898C1C454FF600A7D40C /* MTTransportWebSocket.h */ = {isa = PBXFileReference; fileEncoding = 4; lastKnownFileType = sourcecode.c.h; path = MTTransportWebSocket.h; sourceTree = "<group>"; };
		C768898D1C454FF600A7D40C /* MTTransportWebSocket.m */ = {isa = PBXFileReference; fileEncoding = 4; lastKnownFileType = sourcecode.c.objc; path = MTTransportWebSocket.m; sourceTree = "<group>"; };
/* End PBXFileReference section */

/* Begin PBXFrameworksBuildPhase section */
		C76888C01C419DC100A7D40C /* Frameworks */ = {
			isa = PBXFrameworksBuildPhase;
			buildActionMask = 2147483647;
			files = (
			);
			runOnlyForDeploymentPostprocessing = 0;
		};
/* End PBXFrameworksBuildPhase section */

/* Begin PBXGroup section */
		B0AEB840A6E3C6E7275B4C64 /* Frameworks */ = {
			isa = PBXGroup;
			children = (
			);
			name = Frameworks;
			sourceTree = "<group>";
		};
		C76888BA1C419DC100A7D40C = {
			isa = PBXGroup;
			children = (
				C76889531C451A8000A7D40C /* WebSocket Echo Client */,
				C76888C41C419DC100A7D40C /* Products */,
				B0AEB840A6E3C6E7275B4C64 /* Frameworks */,
			);
			sourceTree = "<group>";
		};
		C76888C41C419DC100A7D40C /* Products */ = {
			isa = PBXGroup;
			children = (
				C76888C31C419DC100A7D40C /* WebSocket Echo Client.app */,
			);
			name = Products;
			sourceTree = "<group>";
		};
		C76889531C451A8000A7D40C /* WebSocket Echo Client */ = {
			isa = PBXGroup;
			children = (
				C76889541C451A8000A7D40C /* AppDelegate.h */,
				C76889551C451A8000A7D40C /* AppDelegate.m */,
				C76889561C451A8000A7D40C /* Categories */,
				C76889591C451A8000A7D40C /* EchoViewController.h */,
				C768895A1C451A8000A7D40C /* EchoViewController.m */,
				C768895B1C451A8000A7D40C /* main.m */,
				C768895C1C451A8000A7D40C /* Resources */,
				C76889631C451A8000A7D40C /* Statistics */,
				C76889661C451A8000A7D40C /* Transport */,
			);
			path = "WebSocket Echo Client";
			sourceTree = "<group>";
		};
		C76889561C451A8000A7D40C /* Categories */ = {
			isa = PBXGroup;
			children = (
			);
			path = Categories;
			sourceTree = "<group>";
		};
		C768895C1C451A8000A7D40C /* Resources */ = {
			isa = PBXGroup;
			children = (
				C768895D1C451A8000A7D40C /* Assets.xcassets */,
				C768895E1C451A8000A7D40C /* LaunchScreen.storyboard */,
				C76889601C451A8000A7D40C /* Main.storyboard */,
				C76889621C451A8000A7D40C /* Info.plist */,
			);
			path = Resources;
			sourceTree = "<group>";
		};
		C76889631C451A8000A7D40C /* Statistics */ = {
			isa = PBXGroup;
			children = (
				C76889641C451A8000A7D40C /* MTStatistics.h */,
				C76889651C451A8000A7D40C /* MTStatistics.m */,
			);
			path = Statistics;
			sourceTree = "<group>";
		};
		C76889661C451A8000A7D40C /* Transport */ = {
			isa = PBXGroup;
			children = (
				C768896A1C451A8000A7D40C /* MTTransportManager.h */,
				C768896B1C451A8000A7D40C /* MTTransportManager.m */,
				C768898C1C454FF600A7D40C /* MTTransportWebSocket.h */,
				C768898D1C454FF600A7D40C /* MTTransportWebSocket.m */,
				C7339F401C465C4700BFEB95 /* WebSocket.swift */,
			);
			path = Transport;
			sourceTree = "<group>";
		};
/* End PBXGroup section */

/* Begin PBXNativeTarget section */
		C76888C21C419DC100A7D40C /* WebSocket Echo Client */ = {
			isa = PBXNativeTarget;
			buildConfigurationList = C76888F01C419DC100A7D40C /* Build configuration list for PBXNativeTarget "WebSocket Echo Client" */;
			buildPhases = (
				C76888BF1C419DC100A7D40C /* Sources */,
				C76888C01C419DC100A7D40C /* Frameworks */,
				C76888C11C419DC100A7D40C /* Resources */,
			);
			buildRules = (
			);
			dependencies = (
			);
			name = "WebSocket Echo Client";
			productName = "Network Demo";
			productReference = C76888C31C419DC100A7D40C /* WebSocket Echo Client.app */;
			productType = "com.apple.product-type.application";
		};
/* End PBXNativeTarget section */

/* Begin PBXProject section */
		C76888BB1C419DC100A7D40C /* Project object */ = {
			isa = PBXProject;
			attributes = {
				LastUpgradeCheck = 0720;
				ORGANIZATIONNAME = NET;
				TargetAttributes = {
					C76888C21C419DC100A7D40C = {
						CreatedOnToolsVersion = 7.2;
					};
				};
			};
			buildConfigurationList = C76888BE1C419DC100A7D40C /* Build configuration list for PBXProject "WebSocket Echo Client" */;
			compatibilityVersion = "Xcode 3.2";
			developmentRegion = English;
			hasScannedForEncodings = 0;
			knownRegions = (
				en,
				Base,
			);
			mainGroup = C76888BA1C419DC100A7D40C;
			productRefGroup = C76888C41C419DC100A7D40C /* Products */;
			projectDirPath = "";
			projectRoot = "";
			targets = (
				C76888C21C419DC100A7D40C /* WebSocket Echo Client */,
			);
		};
/* End PBXProject section */

/* Begin PBXResourcesBuildPhase section */
		C76888C11C419DC100A7D40C /* Resources */ = {
			isa = PBXResourcesBuildPhase;
			buildActionMask = 2147483647;
			files = (
				C76889791C451A8000A7D40C /* Main.storyboard in Resources */,
				C76889771C451A8000A7D40C /* Assets.xcassets in Resources */,
				C76889781C451A8000A7D40C /* LaunchScreen.storyboard in Resources */,
			);
			runOnlyForDeploymentPostprocessing = 0;
		};
/* End PBXResourcesBuildPhase section */

/* Begin PBXSourcesBuildPhase section */
		C76888BF1C419DC100A7D40C /* Sources */ = {
			isa = PBXSourcesBuildPhase;
			buildActionMask = 2147483647;
			files = (
				C76889731C451A8000A7D40C /* AppDelegate.m in Sources */,
				C768897B1C451A8000A7D40C /* MTStatistics.m in Sources */,
				C768897D1C451A8000A7D40C /* MTTransportManager.m in Sources */,
				C76889761C451A8000A7D40C /* main.m in Sources */,
				C768898E1C454FF600A7D40C /* MTTransportWebSocket.m in Sources */,
				C7339F411C465C4700BFEB95 /* WebSocket.swift in Sources */,
				C76889751C451A8000A7D40C /* EchoViewController.m in Sources */,
			);
			runOnlyForDeploymentPostprocessing = 0;
		};
/* End PBXSourcesBuildPhase section */

/* Begin PBXVariantGroup section */
		C768895E1C451A8000A7D40C /* LaunchScreen.storyboard */ = {
			isa = PBXVariantGroup;
			children = (
				C768895F1C451A8000A7D40C /* Base */,
			);
			name = LaunchScreen.storyboard;
			sourceTree = "<group>";
		};
		C76889601C451A8000A7D40C /* Main.storyboard */ = {
			isa = PBXVariantGroup;
			children = (
				C76889611C451A8000A7D40C /* Base */,
			);
			name = Main.storyboard;
			sourceTree = "<group>";
		};
/* End PBXVariantGroup section */

/* Begin XCBuildConfiguration section */
		C76888EE1C419DC100A7D40C /* Debug */ = {
			isa = XCBuildConfiguration;
			buildSettings = {
				ALWAYS_SEARCH_USER_PATHS = NO;
				CLANG_CXX_LANGUAGE_STANDARD = "gnu++0x";
				CLANG_CXX_LIBRARY = "libc++";
				CLANG_ENABLE_MODULES = YES;
				CLANG_WARN_BOOL_CONVERSION = YES;
				CLANG_WARN_CONSTANT_CONVERSION = YES;
				CLANG_WARN_DIRECT_OBJC_ISA_USAGE = YES_ERROR;
				CLANG_WARN_EMPTY_BODY = YES;
				CLANG_WARN_ENUM_CONVERSION = YES;
				CLANG_WARN_INT_CONVERSION = YES;
				CLANG_WARN_OBJC_ROOT_CLASS = YES_ERROR;
				CLANG_WARN_UNREACHABLE_CODE = YES;
				CLANG_WARN__DUPLICATE_METHOD_MATCH = YES;
				"CODE_SIGN_IDENTITY[sdk=iphoneos*]" = "iPhone Developer";
				COPY_PHASE_STRIP = NO;
				DEBUG_INFORMATION_FORMAT = dwarf;
				ENABLE_STRICT_OBJC_MSGSEND = YES;
				ENABLE_TESTABILITY = YES;
				GCC_C_LANGUAGE_STANDARD = gnu99;
				GCC_DYNAMIC_NO_PIC = NO;
				GCC_NO_COMMON_BLOCKS = YES;
				GCC_OPTIMIZATION_LEVEL = 0;
				GCC_PREPROCESSOR_DEFINITIONS = (
					"DEBUG=1",
					"$(inherited)",
				);
				GCC_WARN_64_TO_32_BIT_CONVERSION = YES;
				GCC_WARN_ABOUT_RETURN_TYPE = YES_ERROR;
				GCC_WARN_UNDECLARED_SELECTOR = YES;
				GCC_WARN_UNINITIALIZED_AUTOS = YES_AGGRESSIVE;
				GCC_WARN_UNUSED_FUNCTION = YES;
				GCC_WARN_UNUSED_VARIABLE = YES;
				IPHONEOS_DEPLOYMENT_TARGET = 9.2;
				MTL_ENABLE_DEBUG_INFO = YES;
				ONLY_ACTIVE_ARCH = YES;
				SDKROOT = iphoneos;
				TARGETED_DEVICE_FAMILY = "1,2";
			};
			name = Debug;
		};
		C76888EF1C419DC100A7D40C /* Release */ = {
			isa = XCBuildConfiguration;
			buildSettings = {
				ALWAYS_SEARCH_USER_PATHS = NO;
				CLANG_CXX_LANGUAGE_STANDARD = "gnu++0x";
				CLANG_CXX_LIBRARY = "libc++";
				CLANG_ENABLE_MODULES = YES;
				CLANG_WARN_BOOL_CONVERSION = YES;
				CLANG_WARN_CONSTANT_CONVERSION = YES;
				CLANG_WARN_DIRECT_OBJC_ISA_USAGE = YES_ERROR;
				CLANG_WARN_EMPTY_BODY = YES;
				CLANG_WARN_ENUM_CONVERSION = YES;
				CLANG_WARN_INT_CONVERSION = YES;
				CLANG_WARN_OBJC_ROOT_CLASS = YES_ERROR;
				CLANG_WARN_UNREACHABLE_CODE = YES;
				CLANG_WARN__DUPLICATE_METHOD_MATCH = YES;
				"CODE_SIGN_IDENTITY[sdk=iphoneos*]" = "iPhone Developer";
				COPY_PHASE_STRIP = NO;
				DEBUG_INFORMATION_FORMAT = "dwarf-with-dsym";
				ENABLE_NS_ASSERTIONS = NO;
				ENABLE_STRICT_OBJC_MSGSEND = YES;
				GCC_C_LANGUAGE_STANDARD = gnu99;
				GCC_NO_COMMON_BLOCKS = YES;
				GCC_WARN_64_TO_32_BIT_CONVERSION = YES;
				GCC_WARN_ABOUT_RETURN_TYPE = YES_ERROR;
				GCC_WARN_UNDECLARED_SELECTOR = YES;
				GCC_WARN_UNINITIALIZED_AUTOS = YES_AGGRESSIVE;
				GCC_WARN_UNUSED_FUNCTION = YES;
				GCC_WARN_UNUSED_VARIABLE = YES;
				IPHONEOS_DEPLOYMENT_TARGET = 9.2;
				MTL_ENABLE_DEBUG_INFO = NO;
				SDKROOT = iphoneos;
				TARGETED_DEVICE_FAMILY = "1,2";
				VALIDATE_PRODUCT = YES;
			};
			name = Release;
		};
		C76888F11C419DC100A7D40C /* Debug */ = {
			isa = XCBuildConfiguration;
			buildSettings = {
				ASSETCATALOG_COMPILER_APPICON_NAME = AppIcon;
				CLANG_ENABLE_MODULES = YES;
				CLANG_ENABLE_OBJC_ARC = YES;
				INFOPLIST_FILE = "WebSocket Echo Client/Resources/Info.plist";
				LD_RUNPATH_SEARCH_PATHS = "$(inherited) @executable_path/Frameworks";
				PRODUCT_BUNDLE_IDENTIFIER = "com.cameronpalmer.WebSocket-Echo-Client";
				PRODUCT_NAME = "WebSocket Echo Client";
				SWIFT_OPTIMIZATION_LEVEL = "-Onone";
			};
			name = Debug;
		};
		C76888F21C419DC100A7D40C /* Release */ = {
			isa = XCBuildConfiguration;
			buildSettings = {
				ASSETCATALOG_COMPILER_APPICON_NAME = AppIcon;
				CLANG_ENABLE_MODULES = YES;
				CLANG_ENABLE_OBJC_ARC = YES;
				INFOPLIST_FILE = "WebSocket Echo Client/Resources/Info.plist";
				LD_RUNPATH_SEARCH_PATHS = "$(inherited) @executable_path/Frameworks";
				PRODUCT_BUNDLE_IDENTIFIER = "com.cameronpalmer.WebSocket-Echo-Client";
				PRODUCT_NAME = "WebSocket Echo Client";
			};
			name = Release;
		};
/* End XCBuildConfiguration section */

/* Begin XCConfigurationList section */
		C76888BE1C419DC100A7D40C /* Build configuration list for PBXProject "WebSocket Echo Client" */ = {
			isa = XCConfigurationList;
			buildConfigurations = (
				C76888EE1C419DC100A7D40C /* Debug */,
				C76888EF1C419DC100A7D40C /* Release */,
			);
			defaultConfigurationIsVisible = 0;
			defaultConfigurationName = Release;
		};
		C76888F01C419DC100A7D40C /* Build configuration list for PBXNativeTarget "WebSocket Echo Client" */ = {
			isa = XCConfigurationList;
			buildConfigurations = (
				C76888F11C419DC100A7D40C /* Debug */,
				C76888F21C419DC100A7D40C /* Release */,
			);
			defaultConfigurationIsVisible = 0;
			defaultConfigurationName = Release;
		};
/* End XCConfigurationList section */
	};
	rootObject = C76888BB1C419DC100A7D40C /* Project object */;
}
